// !$*UTF8*$!
{
	archiveVersion = 1;
	classes = {
	};
	objectVersion = 56;
	objects = {

/* Begin PBXBuildFile section */
		A90143AA2B8E94A000309992 /* ProfileManager.swift in Sources */ = {isa = PBXBuildFile; fileRef = A90143A92B8E94A000309992 /* ProfileManager.swift */; };
		A90143AC2B8E952C00309992 /* Container.swift in Sources */ = {isa = PBXBuildFile; fileRef = A90143AB2B8E952B00309992 /* Container.swift */; };
		A90143AF2B8E96BB00309992 /* UserInfo.swift in Sources */ = {isa = PBXBuildFile; fileRef = A90143AE2B8E96BB00309992 /* UserInfo.swift */; };
		A90143B12B8E994A00309992 /* ProfileViewModel.swift in Sources */ = {isa = PBXBuildFile; fileRef = A90143B02B8E994A00309992 /* ProfileViewModel.swift */; };
		A90143B52B90486400309992 /* jobs.json in Resources */ = {isa = PBXBuildFile; fileRef = A90143B42B90486400309992 /* jobs.json */; };
		A90143B72B904C9300309992 /* WorkManager.swift in Sources */ = {isa = PBXBuildFile; fileRef = A90143B62B904C9300309992 /* WorkManager.swift */; };
		A90143B92B90523F00309992 /* JobInfo.swift in Sources */ = {isa = PBXBuildFile; fileRef = A90143B82B90523F00309992 /* JobInfo.swift */; };
		A90143BC2B9055CF00309992 /* WorkSummaryViewController.swift in Sources */ = {isa = PBXBuildFile; fileRef = A90143BB2B9055CF00309992 /* WorkSummaryViewController.swift */; };
		A90143BE2B90583400309992 /* JobSnapshotView.swift in Sources */ = {isa = PBXBuildFile; fileRef = A90143BD2B90583400309992 /* JobSnapshotView.swift */; };
		A90143C02B90584600309992 /* JobSnapshotView.xib in Resources */ = {isa = PBXBuildFile; fileRef = A90143BF2B90584600309992 /* JobSnapshotView.xib */; };
		A90143C32B905C7600309992 /* WorkSummaryViewModel.swift in Sources */ = {isa = PBXBuildFile; fileRef = A90143C22B905C7600309992 /* WorkSummaryViewModel.swift */; };
		A9EAFFE92B8824DF0093EB77 /* AppDelegate.swift in Sources */ = {isa = PBXBuildFile; fileRef = A9EAFFE82B8824DF0093EB77 /* AppDelegate.swift */; };
		A9EAFFEB2B8824DF0093EB77 /* SceneDelegate.swift in Sources */ = {isa = PBXBuildFile; fileRef = A9EAFFEA2B8824DF0093EB77 /* SceneDelegate.swift */; };
		A9EAFFED2B8824DF0093EB77 /* MainViewController.swift in Sources */ = {isa = PBXBuildFile; fileRef = A9EAFFEC2B8824DF0093EB77 /* MainViewController.swift */; };
		A9EAFFF02B8824DF0093EB77 /* Main.storyboard in Resources */ = {isa = PBXBuildFile; fileRef = A9EAFFEE2B8824DF0093EB77 /* Main.storyboard */; };
		A9EAFFF22B8824E20093EB77 /* Assets.xcassets in Resources */ = {isa = PBXBuildFile; fileRef = A9EAFFF12B8824E20093EB77 /* Assets.xcassets */; };
		A9EAFFF52B8824E20093EB77 /* LaunchScreen.storyboard in Resources */ = {isa = PBXBuildFile; fileRef = A9EAFFF32B8824E20093EB77 /* LaunchScreen.storyboard */; };
		A9FC05FD2B8D50D4002D6565 /* JSONParser.swift in Sources */ = {isa = PBXBuildFile; fileRef = A9FC05FC2B8D50D4002D6565 /* JSONParser.swift */; };
		A9FC05FF2B8D52EA002D6565 /* profile_image.jpeg in Resources */ = {isa = PBXBuildFile; fileRef = A9FC05FE2B8D52EA002D6565 /* profile_image.jpeg */; };
		A9FC06022B8D532A002D6565 /* profile.json in Resources */ = {isa = PBXBuildFile; fileRef = A9FC06012B8D532A002D6565 /* profile.json */; };
		A9FC06042B8D5771002D6565 /* ProfileViewController.storyboard in Resources */ = {isa = PBXBuildFile; fileRef = A9FC06032B8D5771002D6565 /* ProfileViewController.storyboard */; };
		A9FC06062B8D577B002D6565 /* ProfileViewController.swift in Sources */ = {isa = PBXBuildFile; fileRef = A9FC06052B8D577B002D6565 /* ProfileViewController.swift */; };
		A9FC06082B8D5820002D6565 /* EducationViewController.swift in Sources */ = {isa = PBXBuildFile; fileRef = A9FC06072B8D5820002D6565 /* EducationViewController.swift */; };
		A9FC060A2B8D582A002D6565 /* EducationViewController.storyboard in Resources */ = {isa = PBXBuildFile; fileRef = A9FC06092B8D582A002D6565 /* EducationViewController.storyboard */; };
		A9FC060E2B8DBD29002D6565 /* UIViewController+Extension.swift in Sources */ = {isa = PBXBuildFile; fileRef = A9FC060D2B8DBD29002D6565 /* UIViewController+Extension.swift */; };
		A9FC06112B8DC67B002D6565 /* TabBarItem.swift in Sources */ = {isa = PBXBuildFile; fileRef = A9FC06102B8DC67B002D6565 /* TabBarItem.swift */; };
		A9FC06132B8DC6B5002D6565 /* WorkViewController.swift in Sources */ = {isa = PBXBuildFile; fileRef = A9FC06122B8DC6B5002D6565 /* WorkViewController.swift */; };
		A9FC06152B8DC6BF002D6565 /* WorkViewController.storyboard in Resources */ = {isa = PBXBuildFile; fileRef = A9FC06142B8DC6BF002D6565 /* WorkViewController.storyboard */; };
		A9FC06172B8DC860002D6565 /* AppTab.swift in Sources */ = {isa = PBXBuildFile; fileRef = A9FC06162B8DC860002D6565 /* AppTab.swift */; };
/* End PBXBuildFile section */

/* Begin PBXFileReference section */
		A90143A92B8E94A000309992 /* ProfileManager.swift */ = {isa = PBXFileReference; lastKnownFileType = sourcecode.swift; path = ProfileManager.swift; sourceTree = "<group>"; };
		A90143AB2B8E952B00309992 /* Container.swift */ = {isa = PBXFileReference; lastKnownFileType = sourcecode.swift; path = Container.swift; sourceTree = "<group>"; };
		A90143AE2B8E96BB00309992 /* UserInfo.swift */ = {isa = PBXFileReference; lastKnownFileType = sourcecode.swift; path = UserInfo.swift; sourceTree = "<group>"; };
		A90143B02B8E994A00309992 /* ProfileViewModel.swift */ = {isa = PBXFileReference; lastKnownFileType = sourcecode.swift; path = ProfileViewModel.swift; sourceTree = "<group>"; };
		A90143B42B90486400309992 /* jobs.json */ = {isa = PBXFileReference; lastKnownFileType = text.json; path = jobs.json; sourceTree = "<group>"; };
		A90143B62B904C9300309992 /* WorkManager.swift */ = {isa = PBXFileReference; lastKnownFileType = sourcecode.swift; path = WorkManager.swift; sourceTree = "<group>"; };
		A90143B82B90523F00309992 /* JobInfo.swift */ = {isa = PBXFileReference; lastKnownFileType = sourcecode.swift; path = JobInfo.swift; sourceTree = "<group>"; };
		A90143BB2B9055CF00309992 /* WorkSummaryViewController.swift */ = {isa = PBXFileReference; lastKnownFileType = sourcecode.swift; path = WorkSummaryViewController.swift; sourceTree = "<group>"; };
		A90143BD2B90583400309992 /* JobSnapshotView.swift */ = {isa = PBXFileReference; lastKnownFileType = sourcecode.swift; path = JobSnapshotView.swift; sourceTree = "<group>"; };
		A90143BF2B90584600309992 /* JobSnapshotView.xib */ = {isa = PBXFileReference; lastKnownFileType = file.xib; path = JobSnapshotView.xib; sourceTree = "<group>"; };
		A90143C22B905C7600309992 /* WorkSummaryViewModel.swift */ = {isa = PBXFileReference; lastKnownFileType = sourcecode.swift; path = WorkSummaryViewModel.swift; sourceTree = "<group>"; };
		A9EAFFE52B8824DF0093EB77 /* Cartera.app */ = {isa = PBXFileReference; explicitFileType = wrapper.application; includeInIndex = 0; path = Cartera.app; sourceTree = BUILT_PRODUCTS_DIR; };
		A9EAFFE82B8824DF0093EB77 /* AppDelegate.swift */ = {isa = PBXFileReference; lastKnownFileType = sourcecode.swift; path = AppDelegate.swift; sourceTree = "<group>"; };
		A9EAFFEA2B8824DF0093EB77 /* SceneDelegate.swift */ = {isa = PBXFileReference; lastKnownFileType = sourcecode.swift; path = SceneDelegate.swift; sourceTree = "<group>"; };
		A9EAFFEC2B8824DF0093EB77 /* MainViewController.swift */ = {isa = PBXFileReference; lastKnownFileType = sourcecode.swift; path = MainViewController.swift; sourceTree = "<group>"; };
		A9EAFFEF2B8824DF0093EB77 /* Base */ = {isa = PBXFileReference; lastKnownFileType = file.storyboard; name = Base; path = Base.lproj/Main.storyboard; sourceTree = "<group>"; };
		A9EAFFF12B8824E20093EB77 /* Assets.xcassets */ = {isa = PBXFileReference; lastKnownFileType = folder.assetcatalog; path = Assets.xcassets; sourceTree = "<group>"; };
		A9EAFFF42B8824E20093EB77 /* Base */ = {isa = PBXFileReference; lastKnownFileType = file.storyboard; name = Base; path = Base.lproj/LaunchScreen.storyboard; sourceTree = "<group>"; };
		A9EAFFF62B8824E20093EB77 /* Info.plist */ = {isa = PBXFileReference; lastKnownFileType = text.plist.xml; path = Info.plist; sourceTree = "<group>"; };
		A9FC05FC2B8D50D4002D6565 /* JSONParser.swift */ = {isa = PBXFileReference; lastKnownFileType = sourcecode.swift; path = JSONParser.swift; sourceTree = "<group>"; };
		A9FC05FE2B8D52EA002D6565 /* profile_image.jpeg */ = {isa = PBXFileReference; lastKnownFileType = image.jpeg; path = profile_image.jpeg; sourceTree = "<group>"; };
		A9FC06012B8D532A002D6565 /* profile.json */ = {isa = PBXFileReference; lastKnownFileType = text.json; path = profile.json; sourceTree = "<group>"; };
		A9FC06032B8D5771002D6565 /* ProfileViewController.storyboard */ = {isa = PBXFileReference; lastKnownFileType = file.storyboard; path = ProfileViewController.storyboard; sourceTree = "<group>"; };
		A9FC06052B8D577B002D6565 /* ProfileViewController.swift */ = {isa = PBXFileReference; lastKnownFileType = sourcecode.swift; path = ProfileViewController.swift; sourceTree = "<group>"; };
		A9FC06072B8D5820002D6565 /* EducationViewController.swift */ = {isa = PBXFileReference; lastKnownFileType = sourcecode.swift; path = EducationViewController.swift; sourceTree = "<group>"; };
		A9FC06092B8D582A002D6565 /* EducationViewController.storyboard */ = {isa = PBXFileReference; lastKnownFileType = file.storyboard; path = EducationViewController.storyboard; sourceTree = "<group>"; };
		A9FC060D2B8DBD29002D6565 /* UIViewController+Extension.swift */ = {isa = PBXFileReference; lastKnownFileType = sourcecode.swift; path = "UIViewController+Extension.swift"; sourceTree = "<group>"; };
		A9FC06102B8DC67B002D6565 /* TabBarItem.swift */ = {isa = PBXFileReference; lastKnownFileType = sourcecode.swift; path = TabBarItem.swift; sourceTree = "<group>"; };
		A9FC06122B8DC6B5002D6565 /* WorkViewController.swift */ = {isa = PBXFileReference; lastKnownFileType = sourcecode.swift; path = WorkViewController.swift; sourceTree = "<group>"; };
		A9FC06142B8DC6BF002D6565 /* WorkViewController.storyboard */ = {isa = PBXFileReference; lastKnownFileType = file.storyboard; path = WorkViewController.storyboard; sourceTree = "<group>"; };
		A9FC06162B8DC860002D6565 /* AppTab.swift */ = {isa = PBXFileReference; lastKnownFileType = sourcecode.swift; path = AppTab.swift; sourceTree = "<group>"; };
/* End PBXFileReference section */

/* Begin PBXFrameworksBuildPhase section */
		A9EAFFE22B8824DF0093EB77 /* Frameworks */ = {
			isa = PBXFrameworksBuildPhase;
			buildActionMask = 2147483647;
			files = (
			);
			runOnlyForDeploymentPostprocessing = 0;
		};
/* End PBXFrameworksBuildPhase section */

/* Begin PBXGroup section */
		A90143AD2B8E96AF00309992 /* Models */ = {
			isa = PBXGroup;
			children = (
				A90143AE2B8E96BB00309992 /* UserInfo.swift */,
				A90143B82B90523F00309992 /* JobInfo.swift */,
			);
			path = Models;
			sourceTree = "<group>";
		};
		A90143BA2B9055B300309992 /* WorkSummary */ = {
			isa = PBXGroup;
			children = (
				A90143BB2B9055CF00309992 /* WorkSummaryViewController.swift */,
				A90143C22B905C7600309992 /* WorkSummaryViewModel.swift */,
				A90143BD2B90583400309992 /* JobSnapshotView.swift */,
				A90143BF2B90584600309992 /* JobSnapshotView.xib */,
			);
			path = WorkSummary;
			sourceTree = "<group>";
		};
		A9EA00002B895CF70093EB77 /* Resources */ = {
			isa = PBXGroup;
			children = (
				A9FC06002B8D5300002D6565 /* Info */,
				A9FC05FE2B8D52EA002D6565 /* profile_image.jpeg */,
				A9EAFFF12B8824E20093EB77 /* Assets.xcassets */,
			);
			path = Resources;
			sourceTree = "<group>";
		};
		A9EAFFDC2B8824DF0093EB77 = {
			isa = PBXGroup;
			children = (
				A9EAFFE72B8824DF0093EB77 /* Cartera */,
				A9EAFFE62B8824DF0093EB77 /* Products */,
			);
			sourceTree = "<group>";
		};
		A9EAFFE62B8824DF0093EB77 /* Products */ = {
			isa = PBXGroup;
			children = (
				A9EAFFE52B8824DF0093EB77 /* Cartera.app */,
			);
			name = Products;
			sourceTree = "<group>";
		};
		A9EAFFE72B8824DF0093EB77 /* Cartera */ = {
			isa = PBXGroup;
			children = (
				A9FC05F72B8D5081002D6565 /* Util */,
				A9EA00002B895CF70093EB77 /* Resources */,
				A9EAFFFE2B895CA30093EB77 /* Business */,
				A9EAFFFD2B895C9C0093EB77 /* Presentation */,
				A9EAFFFC2B895C790093EB77 /* App */,
			);
			path = Cartera;
			sourceTree = "<group>";
		};
		A9EAFFFC2B895C790093EB77 /* App */ = {
			isa = PBXGroup;
			children = (
				A9EAFFF62B8824E20093EB77 /* Info.plist */,
				A9EAFFF32B8824E20093EB77 /* LaunchScreen.storyboard */,
				A9EAFFEA2B8824DF0093EB77 /* SceneDelegate.swift */,
				A9EAFFE82B8824DF0093EB77 /* AppDelegate.swift */,
				A90143AB2B8E952B00309992 /* Container.swift */,
			);
			path = App;
			sourceTree = "<group>";
		};
		A9EAFFFD2B895C9C0093EB77 /* Presentation */ = {
			isa = PBXGroup;
			children = (
				A9FC060F2B8DC66F002D6565 /* Components */,
				A9FC05FB2B8D50A4002D6565 /* Projects */,
				A9FC05FA2B8D5098002D6565 /* Work_Experience */,
				A9FC05F92B8D5094002D6565 /* Education */,
				A9FC05F82B8D508F002D6565 /* Profile */,
				A9EAFFFF2B895CAB0093EB77 /* MainView */,
			);
			path = Presentation;
			sourceTree = "<group>";
		};
		A9EAFFFE2B895CA30093EB77 /* Business */ = {
			isa = PBXGroup;
			children = (
				A90143AD2B8E96AF00309992 /* Models */,
				A9FC05F62B8D507A002D6565 /* Managers */,
				A9FC05F52B8D5072002D6565 /* Services */,
			);
			path = Business;
			sourceTree = "<group>";
		};
		A9EAFFFF2B895CAB0093EB77 /* MainView */ = {
			isa = PBXGroup;
			children = (
				A9EAFFEE2B8824DF0093EB77 /* Main.storyboard */,
				A9EAFFEC2B8824DF0093EB77 /* MainViewController.swift */,
				A9FC06162B8DC860002D6565 /* AppTab.swift */,
			);
			path = MainView;
			sourceTree = "<group>";
		};
		A9FC05F52B8D5072002D6565 /* Services */ = {
			isa = PBXGroup;
			children = (
				A9FC05FC2B8D50D4002D6565 /* JSONParser.swift */,
			);
			path = Services;
			sourceTree = "<group>";
		};
		A9FC05F62B8D507A002D6565 /* Managers */ = {
			isa = PBXGroup;
			children = (
				A90143A92B8E94A000309992 /* ProfileManager.swift */,
				A90143B62B904C9300309992 /* WorkManager.swift */,
			);
			path = Managers;
			sourceTree = "<group>";
		};
		A9FC05F72B8D5081002D6565 /* Util */ = {
			isa = PBXGroup;
			children = (
				A9FC060D2B8DBD29002D6565 /* UIViewController+Extension.swift */,
			);
			path = Util;
			sourceTree = "<group>";
		};
		A9FC05F82B8D508F002D6565 /* Profile */ = {
			isa = PBXGroup;
			children = (
				A90143BA2B9055B300309992 /* WorkSummary */,
				A9FC06032B8D5771002D6565 /* ProfileViewController.storyboard */,
				A9FC06052B8D577B002D6565 /* ProfileViewController.swift */,
				A90143B02B8E994A00309992 /* ProfileViewModel.swift */,
			);
			path = Profile;
			sourceTree = "<group>";
		};
		A9FC05F92B8D5094002D6565 /* Education */ = {
			isa = PBXGroup;
			children = (
				A9FC06072B8D5820002D6565 /* EducationViewController.swift */,
				A9FC06092B8D582A002D6565 /* EducationViewController.storyboard */,
			);
			path = Education;
			sourceTree = "<group>";
		};
		A9FC05FA2B8D5098002D6565 /* Work_Experience */ = {
			isa = PBXGroup;
			children = (
				A9FC06122B8DC6B5002D6565 /* WorkViewController.swift */,
				A9FC06142B8DC6BF002D6565 /* WorkViewController.storyboard */,
			);
			path = Work_Experience;
			sourceTree = "<group>";
		};
		A9FC05FB2B8D50A4002D6565 /* Projects */ = {
			isa = PBXGroup;
			children = (
			);
			path = Projects;
			sourceTree = "<group>";
		};
		A9FC06002B8D5300002D6565 /* Info */ = {
			isa = PBXGroup;
			children = (
				A9FC06012B8D532A002D6565 /* profile.json */,
				A90143B42B90486400309992 /* jobs.json */,
			);
			path = Info;
			sourceTree = "<group>";
		};
		A9FC060F2B8DC66F002D6565 /* Components */ = {
			isa = PBXGroup;
			children = (
				A9FC06102B8DC67B002D6565 /* TabBarItem.swift */,
			);
			path = Components;
			sourceTree = "<group>";
		};
/* End PBXGroup section */

/* Begin PBXNativeTarget section */
		A9EAFFE42B8824DF0093EB77 /* Cartera */ = {
			isa = PBXNativeTarget;
			buildConfigurationList = A9EAFFF92B8824E20093EB77 /* Build configuration list for PBXNativeTarget "Cartera" */;
			buildPhases = (
				A9EAFFE12B8824DF0093EB77 /* Sources */,
				A9EAFFE22B8824DF0093EB77 /* Frameworks */,
				A9EAFFE32B8824DF0093EB77 /* Resources */,
			);
			buildRules = (
			);
			dependencies = (
			);
			name = Cartera;
			productName = Cartera;
			productReference = A9EAFFE52B8824DF0093EB77 /* Cartera.app */;
			productType = "com.apple.product-type.application";
		};
/* End PBXNativeTarget section */

/* Begin PBXProject section */
		A9EAFFDD2B8824DF0093EB77 /* Project object */ = {
			isa = PBXProject;
			attributes = {
				BuildIndependentTargetsInParallel = 1;
				LastSwiftUpdateCheck = 1520;
				LastUpgradeCheck = 1520;
				TargetAttributes = {
					A9EAFFE42B8824DF0093EB77 = {
						CreatedOnToolsVersion = 15.2;
					};
				};
			};
			buildConfigurationList = A9EAFFE02B8824DF0093EB77 /* Build configuration list for PBXProject "Cartera" */;
			compatibilityVersion = "Xcode 14.0";
			developmentRegion = en;
			hasScannedForEncodings = 0;
			knownRegions = (
				en,
				Base,
			);
			mainGroup = A9EAFFDC2B8824DF0093EB77;
			productRefGroup = A9EAFFE62B8824DF0093EB77 /* Products */;
			projectDirPath = "";
			projectRoot = "";
			targets = (
				A9EAFFE42B8824DF0093EB77 /* Cartera */,
			);
		};
/* End PBXProject section */

/* Begin PBXResourcesBuildPhase section */
		A9EAFFE32B8824DF0093EB77 /* Resources */ = {
			isa = PBXResourcesBuildPhase;
			buildActionMask = 2147483647;
			files = (
				A9FC06022B8D532A002D6565 /* profile.json in Resources */,
				A9FC05FF2B8D52EA002D6565 /* profile_image.jpeg in Resources */,
				A9FC06042B8D5771002D6565 /* ProfileViewController.storyboard in Resources */,
				A9FC060A2B8D582A002D6565 /* EducationViewController.storyboard in Resources */,
				A9EAFFF52B8824E20093EB77 /* LaunchScreen.storyboard in Resources */,
				A9EAFFF22B8824E20093EB77 /* Assets.xcassets in Resources */,
				A90143B52B90486400309992 /* jobs.json in Resources */,
				A9FC06152B8DC6BF002D6565 /* WorkViewController.storyboard in Resources */,
				A90143C02B90584600309992 /* JobSnapshotView.xib in Resources */,
				A9EAFFF02B8824DF0093EB77 /* Main.storyboard in Resources */,
			);
			runOnlyForDeploymentPostprocessing = 0;
		};
/* End PBXResourcesBuildPhase section */

/* Begin PBXSourcesBuildPhase section */
		A9EAFFE12B8824DF0093EB77 /* Sources */ = {
			isa = PBXSourcesBuildPhase;
			buildActionMask = 2147483647;
			files = (
				A90143C32B905C7600309992 /* WorkSummaryViewModel.swift in Sources */,
				A9EAFFED2B8824DF0093EB77 /* MainViewController.swift in Sources */,
				A90143AC2B8E952C00309992 /* Container.swift in Sources */,
				A90143BE2B90583400309992 /* JobSnapshotView.swift in Sources */,
				A9FC06172B8DC860002D6565 /* AppTab.swift in Sources */,
				A9FC06082B8D5820002D6565 /* EducationViewController.swift in Sources */,
				A90143AA2B8E94A000309992 /* ProfileManager.swift in Sources */,
				A90143B72B904C9300309992 /* WorkManager.swift in Sources */,
				A9FC06112B8DC67B002D6565 /* TabBarItem.swift in Sources */,
				A90143BC2B9055CF00309992 /* WorkSummaryViewController.swift in Sources */,
				A90143B12B8E994A00309992 /* ProfileViewModel.swift in Sources */,
				A9EAFFE92B8824DF0093EB77 /* AppDelegate.swift in Sources */,
				A9FC06062B8D577B002D6565 /* ProfileViewController.swift in Sources */,
				A90143AF2B8E96BB00309992 /* UserInfo.swift in Sources */,
				A9FC060E2B8DBD29002D6565 /* UIViewController+Extension.swift in Sources */,
				A9FC06132B8DC6B5002D6565 /* WorkViewController.swift in Sources */,
				A9FC05FD2B8D50D4002D6565 /* JSONParser.swift in Sources */,
				A9EAFFEB2B8824DF0093EB77 /* SceneDelegate.swift in Sources */,
				A90143B92B90523F00309992 /* JobInfo.swift in Sources */,
			);
			runOnlyForDeploymentPostprocessing = 0;
		};
/* End PBXSourcesBuildPhase section */

/* Begin PBXVariantGroup section */
		A9EAFFEE2B8824DF0093EB77 /* Main.storyboard */ = {
			isa = PBXVariantGroup;
			children = (
				A9EAFFEF2B8824DF0093EB77 /* Base */,
			);
			name = Main.storyboard;
			sourceTree = "<group>";
		};
		A9EAFFF32B8824E20093EB77 /* LaunchScreen.storyboard */ = {
			isa = PBXVariantGroup;
			children = (
				A9EAFFF42B8824E20093EB77 /* Base */,
			);
			name = LaunchScreen.storyboard;
			sourceTree = "<group>";
		};
/* End PBXVariantGroup section */

/* Begin XCBuildConfiguration section */
		A9EAFFF72B8824E20093EB77 /* Debug */ = {
			isa = XCBuildConfiguration;
			buildSettings = {
				ALWAYS_SEARCH_USER_PATHS = NO;
				ASSETCATALOG_COMPILER_GENERATE_SWIFT_ASSET_SYMBOL_EXTENSIONS = YES;
				CLANG_ANALYZER_NONNULL = YES;
				CLANG_ANALYZER_NUMBER_OBJECT_CONVERSION = YES_AGGRESSIVE;
				CLANG_CXX_LANGUAGE_STANDARD = "gnu++20";
				CLANG_ENABLE_MODULES = YES;
				CLANG_ENABLE_OBJC_ARC = YES;
				CLANG_ENABLE_OBJC_WEAK = YES;
				CLANG_WARN_BLOCK_CAPTURE_AUTORELEASING = YES;
				CLANG_WARN_BOOL_CONVERSION = YES;
				CLANG_WARN_COMMA = YES;
				CLANG_WARN_CONSTANT_CONVERSION = YES;
				CLANG_WARN_DEPRECATED_OBJC_IMPLEMENTATIONS = YES;
				CLANG_WARN_DIRECT_OBJC_ISA_USAGE = YES_ERROR;
				CLANG_WARN_DOCUMENTATION_COMMENTS = YES;
				CLANG_WARN_EMPTY_BODY = YES;
				CLANG_WARN_ENUM_CONVERSION = YES;
				CLANG_WARN_INFINITE_RECURSION = YES;
				CLANG_WARN_INT_CONVERSION = YES;
				CLANG_WARN_NON_LITERAL_NULL_CONVERSION = YES;
				CLANG_WARN_OBJC_IMPLICIT_RETAIN_SELF = YES;
				CLANG_WARN_OBJC_LITERAL_CONVERSION = YES;
				CLANG_WARN_OBJC_ROOT_CLASS = YES_ERROR;
				CLANG_WARN_QUOTED_INCLUDE_IN_FRAMEWORK_HEADER = YES;
				CLANG_WARN_RANGE_LOOP_ANALYSIS = YES;
				CLANG_WARN_STRICT_PROTOTYPES = YES;
				CLANG_WARN_SUSPICIOUS_MOVE = YES;
				CLANG_WARN_UNGUARDED_AVAILABILITY = YES_AGGRESSIVE;
				CLANG_WARN_UNREACHABLE_CODE = YES;
				CLANG_WARN__DUPLICATE_METHOD_MATCH = YES;
				COPY_PHASE_STRIP = NO;
				DEBUG_INFORMATION_FORMAT = dwarf;
				ENABLE_STRICT_OBJC_MSGSEND = YES;
				ENABLE_TESTABILITY = YES;
				ENABLE_USER_SCRIPT_SANDBOXING = YES;
				GCC_C_LANGUAGE_STANDARD = gnu17;
				GCC_DYNAMIC_NO_PIC = NO;
				GCC_NO_COMMON_BLOCKS = YES;
				GCC_OPTIMIZATION_LEVEL = 0;
				GCC_PREPROCESSOR_DEFINITIONS = (
					"DEBUG=1",
					"$(inherited)",
				);
				GCC_WARN_64_TO_32_BIT_CONVERSION = YES;
				GCC_WARN_ABOUT_RETURN_TYPE = YES_ERROR;
				GCC_WARN_UNDECLARED_SELECTOR = YES;
				GCC_WARN_UNINITIALIZED_AUTOS = YES_AGGRESSIVE;
				GCC_WARN_UNUSED_FUNCTION = YES;
				GCC_WARN_UNUSED_VARIABLE = YES;
				IPHONEOS_DEPLOYMENT_TARGET = 17.2;
				LOCALIZATION_PREFERS_STRING_CATALOGS = YES;
				MTL_ENABLE_DEBUG_INFO = INCLUDE_SOURCE;
				MTL_FAST_MATH = YES;
				ONLY_ACTIVE_ARCH = YES;
				SDKROOT = iphoneos;
				SWIFT_ACTIVE_COMPILATION_CONDITIONS = "DEBUG $(inherited)";
				SWIFT_OPTIMIZATION_LEVEL = "-Onone";
			};
			name = Debug;
		};
		A9EAFFF82B8824E20093EB77 /* Release */ = {
			isa = XCBuildConfiguration;
			buildSettings = {
				ALWAYS_SEARCH_USER_PATHS = NO;
				ASSETCATALOG_COMPILER_GENERATE_SWIFT_ASSET_SYMBOL_EXTENSIONS = YES;
				CLANG_ANALYZER_NONNULL = YES;
				CLANG_ANALYZER_NUMBER_OBJECT_CONVERSION = YES_AGGRESSIVE;
				CLANG_CXX_LANGUAGE_STANDARD = "gnu++20";
				CLANG_ENABLE_MODULES = YES;
				CLANG_ENABLE_OBJC_ARC = YES;
				CLANG_ENABLE_OBJC_WEAK = YES;
				CLANG_WARN_BLOCK_CAPTURE_AUTORELEASING = YES;
				CLANG_WARN_BOOL_CONVERSION = YES;
				CLANG_WARN_COMMA = YES;
				CLANG_WARN_CONSTANT_CONVERSION = YES;
				CLANG_WARN_DEPRECATED_OBJC_IMPLEMENTATIONS = YES;
				CLANG_WARN_DIRECT_OBJC_ISA_USAGE = YES_ERROR;
				CLANG_WARN_DOCUMENTATION_COMMENTS = YES;
				CLANG_WARN_EMPTY_BODY = YES;
				CLANG_WARN_ENUM_CONVERSION = YES;
				CLANG_WARN_INFINITE_RECURSION = YES;
				CLANG_WARN_INT_CONVERSION = YES;
				CLANG_WARN_NON_LITERAL_NULL_CONVERSION = YES;
				CLANG_WARN_OBJC_IMPLICIT_RETAIN_SELF = YES;
				CLANG_WARN_OBJC_LITERAL_CONVERSION = YES;
				CLANG_WARN_OBJC_ROOT_CLASS = YES_ERROR;
				CLANG_WARN_QUOTED_INCLUDE_IN_FRAMEWORK_HEADER = YES;
				CLANG_WARN_RANGE_LOOP_ANALYSIS = YES;
				CLANG_WARN_STRICT_PROTOTYPES = YES;
				CLANG_WARN_SUSPICIOUS_MOVE = YES;
				CLANG_WARN_UNGUARDED_AVAILABILITY = YES_AGGRESSIVE;
				CLANG_WARN_UNREACHABLE_CODE = YES;
				CLANG_WARN__DUPLICATE_METHOD_MATCH = YES;
				COPY_PHASE_STRIP = NO;
				DEBUG_INFORMATION_FORMAT = "dwarf-with-dsym";
				ENABLE_NS_ASSERTIONS = NO;
				ENABLE_STRICT_OBJC_MSGSEND = YES;
				ENABLE_USER_SCRIPT_SANDBOXING = YES;
				GCC_C_LANGUAGE_STANDARD = gnu17;
				GCC_NO_COMMON_BLOCKS = YES;
				GCC_WARN_64_TO_32_BIT_CONVERSION = YES;
				GCC_WARN_ABOUT_RETURN_TYPE = YES_ERROR;
				GCC_WARN_UNDECLARED_SELECTOR = YES;
				GCC_WARN_UNINITIALIZED_AUTOS = YES_AGGRESSIVE;
				GCC_WARN_UNUSED_FUNCTION = YES;
				GCC_WARN_UNUSED_VARIABLE = YES;
				IPHONEOS_DEPLOYMENT_TARGET = 17.2;
				LOCALIZATION_PREFERS_STRING_CATALOGS = YES;
				MTL_ENABLE_DEBUG_INFO = NO;
				MTL_FAST_MATH = YES;
				SDKROOT = iphoneos;
				SWIFT_COMPILATION_MODE = wholemodule;
				VALIDATE_PRODUCT = YES;
			};
			name = Release;
		};
		A9EAFFFA2B8824E20093EB77 /* Debug */ = {
			isa = XCBuildConfiguration;
			buildSettings = {
				ASSETCATALOG_COMPILER_APPICON_NAME = AppIcon;
				ASSETCATALOG_COMPILER_GLOBAL_ACCENT_COLOR_NAME = AccentColor;
				CODE_SIGN_STYLE = Automatic;
				CURRENT_PROJECT_VERSION = 1;
				DEVELOPMENT_TEAM = FJAA2F3LCL;
				GENERATE_INFOPLIST_FILE = YES;
				INFOPLIST_FILE = Cartera/App/Info.plist;
				INFOPLIST_KEY_UIApplicationSupportsIndirectInputEvents = YES;
				INFOPLIST_KEY_UILaunchStoryboardName = LaunchScreen;
				INFOPLIST_KEY_UISupportedInterfaceOrientations_iPad = "UIInterfaceOrientationPortrait UIInterfaceOrientationPortraitUpsideDown UIInterfaceOrientationLandscapeLeft UIInterfaceOrientationLandscapeRight";
				INFOPLIST_KEY_UISupportedInterfaceOrientations_iPhone = "UIInterfaceOrientationPortrait UIInterfaceOrientationLandscapeLeft UIInterfaceOrientationLandscapeRight";
				LD_RUNPATH_SEARCH_PATHS = (
					"$(inherited)",
					"@executable_path/Frameworks",
				);
				MARKETING_VERSION = 1.0;
				PRODUCT_BUNDLE_IDENTIFIER = com.ricardosm.Cartera;
				PRODUCT_NAME = "$(TARGET_NAME)";
				SUPPORTED_PLATFORMS = "iphoneos iphonesimulator";
				SUPPORTS_MACCATALYST = NO;
				SUPPORTS_MAC_DESIGNED_FOR_IPHONE_IPAD = NO;
				SUPPORTS_XR_DESIGNED_FOR_IPHONE_IPAD = NO;
				SWIFT_EMIT_LOC_STRINGS = YES;
				SWIFT_VERSION = 5.0;
				TARGETED_DEVICE_FAMILY = 1;
			};
			name = Debug;
		};
		A9EAFFFB2B8824E20093EB77 /* Release */ = {
			isa = XCBuildConfiguration;
			buildSettings = {
				ASSETCATALOG_COMPILER_APPICON_NAME = AppIcon;
				ASSETCATALOG_COMPILER_GLOBAL_ACCENT_COLOR_NAME = AccentColor;
				CODE_SIGN_STYLE = Automatic;
				CURRENT_PROJECT_VERSION = 1;
				DEVELOPMENT_TEAM = FJAA2F3LCL;
				GENERATE_INFOPLIST_FILE = YES;
				INFOPLIST_FILE = Cartera/App/Info.plist;
				INFOPLIST_KEY_UIApplicationSupportsIndirectInputEvents = YES;
				INFOPLIST_KEY_UILaunchStoryboardName = LaunchScreen;
				INFOPLIST_KEY_UISupportedInterfaceOrientations_iPad = "UIInterfaceOrientationPortrait UIInterfaceOrientationPortraitUpsideDown UIInterfaceOrientationLandscapeLeft UIInterfaceOrientationLandscapeRight";
				INFOPLIST_KEY_UISupportedInterfaceOrientations_iPhone = "UIInterfaceOrientationPortrait UIInterfaceOrientationLandscapeLeft UIInterfaceOrientationLandscapeRight";
				LD_RUNPATH_SEARCH_PATHS = (
					"$(inherited)",
					"@executable_path/Frameworks",
				);
				MARKETING_VERSION = 1.0;
				PRODUCT_BUNDLE_IDENTIFIER = com.ricardosm.Cartera;
				PRODUCT_NAME = "$(TARGET_NAME)";
				SUPPORTED_PLATFORMS = "iphoneos iphonesimulator";
				SUPPORTS_MACCATALYST = NO;
				SUPPORTS_MAC_DESIGNED_FOR_IPHONE_IPAD = NO;
				SUPPORTS_XR_DESIGNED_FOR_IPHONE_IPAD = NO;
				SWIFT_EMIT_LOC_STRINGS = YES;
				SWIFT_VERSION = 5.0;
				TARGETED_DEVICE_FAMILY = 1;
			};
			name = Release;
		};
/* End XCBuildConfiguration section */

/* Begin XCConfigurationList section */
		A9EAFFE02B8824DF0093EB77 /* Build configuration list for PBXProject "Cartera" */ = {
			isa = XCConfigurationList;
			buildConfigurations = (
				A9EAFFF72B8824E20093EB77 /* Debug */,
				A9EAFFF82B8824E20093EB77 /* Release */,
			);
			defaultConfigurationIsVisible = 0;
			defaultConfigurationName = Release;
		};
		A9EAFFF92B8824E20093EB77 /* Build configuration list for PBXNativeTarget "Cartera" */ = {
			isa = XCConfigurationList;
			buildConfigurations = (
				A9EAFFFA2B8824E20093EB77 /* Debug */,
				A9EAFFFB2B8824E20093EB77 /* Release */,
			);
			defaultConfigurationIsVisible = 0;
			defaultConfigurationName = Release;
		};
/* End XCConfigurationList section */
	};
	rootObject = A9EAFFDD2B8824DF0093EB77 /* Project object */;
}
